{
    "version": 3,
    "terraform_version": "0.11.13",
    "serial": 20,
    "lineage": "8e7555e2-aa21-ee76-e813-f868e86d5a0b",
    "modules": [
        {
            "path": [
                "root"
            ],
            "outputs": {},
            "resources": {},
            "depends_on": []
        },
        {
            "path": [
                "root",
                "ec2"
            ],
            "outputs": {},
            "resources": {
                "aws_instance.Ec2_vpc1_private": {
                    "type": "aws_instance",
                    "depends_on": [],
                    "primary": {
                        "id": "i-06bbde58072cd97e5",
                        "attributes": {
                            "ami": "ami-0080e4c5bc078760e",
                            "arn": "arn:aws:ec2:us-east-1:316321917172:instance/i-06bbde58072cd97e5",
                            "associate_public_ip_address": "false",
                            "availability_zone": "us-east-1f",
                            "cpu_core_count": "1",
                            "cpu_threads_per_core": "1",
                            "credit_specification.#": "1",
                            "credit_specification.0.cpu_credits": "standard",
                            "disable_api_termination": "false",
                            "ebs_block_device.#": "0",
                            "ebs_optimized": "false",
                            "ephemeral_block_device.#": "0",
                            "get_password_data": "false",
                            "iam_instance_profile": "",
                            "id": "i-06bbde58072cd97e5",
                            "instance_state": "running",
                            "instance_type": "t2.micro",
                            "ipv6_addresses.#": "0",
                            "key_name": "vpc1_test",
                            "monitoring": "false",
                            "network_interface.#": "0",
                            "password_data": "",
                            "placement_group": "",
                            "primary_network_interface_id": "eni-0583f181bdc2fabc8",
                            "private_dns": "ip-10-100-1-25.ec2.internal",
                            "private_ip": "10.100.1.25",
                            "public_dns": "",
                            "public_ip": "",
                            "root_block_device.#": "1",
                            "root_block_device.0.delete_on_termination": "true",
                            "root_block_device.0.iops": "100",
                            "root_block_device.0.volume_id": "vol-07e8ef15ee3b0969c",
                            "root_block_device.0.volume_size": "8",
                            "root_block_device.0.volume_type": "gp2",
                            "security_groups.#": "0",
                            "source_dest_check": "true",
                            "subnet_id": "subnet-0d820e019d0d879f3",
                            "tags.%": "1",
                            "tags.Name": "Ec2_vpc1_private",
                            "tenancy": "default",
                            "volume_tags.%": "0",
                            "vpc_security_group_ids.#": "1",
                            "vpc_security_group_ids.3635532254": "sg-09ae2b48150b21180"
                        },
                        "meta": {
                            "e2bfb730-ecaa-11e6-8f88-34363bc7c4c0": {
                                "create": 600000000000,
                                "delete": 1200000000000,
                                "update": 600000000000
                            },
                            "schema_version": "1"
                        },
                        "tainted": false
                    },
                    "deposed": [],
                    "provider": "provider.aws"
                },
                "aws_instance.Ec2_vpc1_public": {
                    "type": "aws_instance",
                    "depends_on": [],
                    "primary": {
                        "id": "i-0b406dc1154070124",
                        "attributes": {
                            "ami": "ami-0080e4c5bc078760e",
                            "arn": "arn:aws:ec2:us-east-1:316321917172:instance/i-0b406dc1154070124",
                            "associate_public_ip_address": "true",
                            "availability_zone": "us-east-1b",
                            "cpu_core_count": "1",
                            "cpu_threads_per_core": "1",
                            "credit_specification.#": "1",
                            "credit_specification.0.cpu_credits": "standard",
                            "disable_api_termination": "false",
                            "ebs_block_device.#": "0",
                            "ebs_optimized": "false",
                            "ephemeral_block_device.#": "0",
                            "get_password_data": "false",
                            "iam_instance_profile": "",
                            "id": "i-0b406dc1154070124",
                            "instance_state": "running",
                            "instance_type": "t2.micro",
                            "ipv6_addresses.#": "0",
                            "key_name": "vpc1_test",
                            "monitoring": "false",
                            "network_interface.#": "0",
                            "password_data": "",
                            "placement_group": "",
                            "primary_network_interface_id": "eni-0cd78af642e4b912f",
                            "private_dns": "ip-10-100-0-245.ec2.internal",
                            "private_ip": "10.100.0.245",
                            "public_dns": "ec2-3-94-101-5.compute-1.amazonaws.com",
                            "public_ip": "3.94.101.5",
                            "root_block_device.#": "1",
                            "root_block_device.0.delete_on_termination": "true",
                            "root_block_device.0.iops": "100",
                            "root_block_device.0.volume_id": "vol-0dd32b39233e2b86b",
                            "root_block_device.0.volume_size": "8",
                            "root_block_device.0.volume_type": "gp2",
                            "security_groups.#": "0",
                            "source_dest_check": "true",
                            "subnet_id": "subnet-0ce04a21e4d7709cb",
                            "tags.%": "1",
                            "tags.Name": "Ec2_vpc1_public",
                            "tenancy": "default",
                            "volume_tags.%": "0",
                            "vpc_security_group_ids.#": "1",
                            "vpc_security_group_ids.3635532254": "sg-09ae2b48150b21180"
                        },
                        "meta": {
                            "e2bfb730-ecaa-11e6-8f88-34363bc7c4c0": {
                                "create": 600000000000,
                                "delete": 1200000000000,
                                "update": 600000000000
                            },
                            "schema_version": "1"
                        },
                        "tainted": false
                    },
                    "deposed": [],
                    "provider": "provider.aws"
                },
                "aws_instance.Ec2_vpc2_private": {
                    "type": "aws_instance",
                    "depends_on": [],
                    "primary": {
                        "id": "i-0ef42660acf7771b9",
                        "attributes": {
                            "ami": "ami-0080e4c5bc078760e",
                            "arn": "arn:aws:ec2:us-east-1:316321917172:instance/i-0ef42660acf7771b9",
                            "associate_public_ip_address": "false",
                            "availability_zone": "us-east-1f",
                            "cpu_core_count": "1",
                            "cpu_threads_per_core": "1",
                            "credit_specification.#": "1",
                            "credit_specification.0.cpu_credits": "standard",
                            "disable_api_termination": "false",
                            "ebs_block_device.#": "0",
                            "ebs_optimized": "false",
                            "ephemeral_block_device.#": "0",
                            "get_password_data": "false",
                            "iam_instance_profile": "",
                            "id": "i-0ef42660acf7771b9",
                            "instance_state": "running",
                            "instance_type": "t2.micro",
                            "ipv6_addresses.#": "0",
                            "key_name": "vpc1_test",
                            "monitoring": "false",
                            "network_interface.#": "0",
                            "password_data": "",
                            "placement_group": "",
                            "primary_network_interface_id": "eni-09947a6dc733d9737",
                            "private_dns": "ip-10-200-1-158.ec2.internal",
                            "private_ip": "10.200.1.158",
                            "public_dns": "",
                            "public_ip": "",
                            "root_block_device.#": "1",
                            "root_block_device.0.delete_on_termination": "true",
                            "root_block_device.0.iops": "100",
                            "root_block_device.0.volume_id": "vol-08c359046182c3b0c",
                            "root_block_device.0.volume_size": "8",
                            "root_block_device.0.volume_type": "gp2",
                            "security_groups.#": "0",
                            "source_dest_check": "true",
                            "subnet_id": "subnet-0668fd236ce90c79f",
                            "tags.%": "1",
                            "tags.Name": "Ec2_vpc2_private",
                            "tenancy": "default",
                            "volume_tags.%": "0",
                            "vpc_security_group_ids.#": "1",
                            "vpc_security_group_ids.394750914": "sg-0e3e03cb35392c1ff"
                        },
                        "meta": {
                            "e2bfb730-ecaa-11e6-8f88-34363bc7c4c0": {
                                "create": 600000000000,
                                "delete": 1200000000000,
                                "update": 600000000000
                            },
                            "schema_version": "1"
                        },
                        "tainted": false
                    },
                    "deposed": [],
                    "provider": "provider.aws"
                }
            },
            "depends_on": []
        },
        {
            "path": [
                "root",
                "vpc"
            ],
            "outputs": {
                "pri_az": {
                    "sensitive": false,
                    "type": "string",
                    "value": "us-east-1f"
                },
                "pub_az": {
                    "sensitive": false,
                    "type": "string",
                    "value": "us-east-1b"
                },
                "vpc1_id": {
                    "sensitive": false,
                    "type": "string",
                    "value": "vpc-0fc46a2528e5031c5"
                },
                "vpc1_pri_subnet": {
                    "sensitive": false,
                    "type": "string",
                    "value": "subnet-0d820e019d0d879f3"
                },
                "vpc1_pub_subnet": {
                    "sensitive": false,
                    "type": "string",
                    "value": "subnet-0ce04a21e4d7709cb"
                },
                "vpc2_id": {
                    "sensitive": false,
                    "type": "string",
                    "value": "vpc-008ea5d8cdd792f22"
                },
                "vpc2_pri_subnet": {
                    "sensitive": false,
                    "type": "string",
                    "value": "subnet-0668fd236ce90c79f"
                }
            },
            "resources": {
                "aws_internet_gateway.default": {
                    "type": "aws_internet_gateway",
                    "depends_on": [
                        "aws_vpc.vpc1"
                    ],
                    "primary": {
                        "id": "igw-0e3ebcc1d949c393e",
                        "attributes": {
                            "id": "igw-0e3ebcc1d949c393e",
                            "owner_id": "316321917172",
                            "tags.%": "0",
                            "vpc_id": "vpc-0fc46a2528e5031c5"
                        },
                        "meta": {},
                        "tainted": false
                    },
                    "deposed": [],
                    "provider": "provider.aws"
                },
                "aws_route_table.vpc1_private_RT": {
                    "type": "aws_route_table",
                    "depends_on": [
                        "aws_vpc.vpc1",
                        "aws_vpc_peering_connection.Peer"
                    ],
                    "primary": {
                        "id": "rtb-04dafa45dd94535b7",
                        "attributes": {
                            "id": "rtb-04dafa45dd94535b7",
                            "owner_id": "316321917172",
                            "propagating_vgws.#": "0",
                            "route.#": "1",
                            "route.603426332.cidr_block": "10.200.1.0/24",
                            "route.603426332.egress_only_gateway_id": "",
                            "route.603426332.gateway_id": "",
                            "route.603426332.instance_id": "",
                            "route.603426332.ipv6_cidr_block": "",
                            "route.603426332.nat_gateway_id": "",
                            "route.603426332.network_interface_id": "",
                            "route.603426332.transit_gateway_id": "",
                            "route.603426332.vpc_peering_connection_id": "pcx-0a38fffa729d7ba40",
                            "tags.%": "1",
                            "tags.Name": "vpc1 Private Subnet RT",
                            "vpc_id": "vpc-0fc46a2528e5031c5"
                        },
                        "meta": {},
                        "tainted": false
                    },
                    "deposed": [],
                    "provider": "provider.aws"
                },
                "aws_route_table.vpc1_pub_route": {
                    "type": "aws_route_table",
                    "depends_on": [
                        "aws_internet_gateway.default",
                        "aws_vpc.vpc1"
                    ],
                    "primary": {
                        "id": "rtb-0a1b494118ed64f49",
                        "attributes": {
                            "id": "rtb-0a1b494118ed64f49",
                            "owner_id": "316321917172",
                            "propagating_vgws.#": "0",
                            "route.#": "1",
                            "route.1241443160.cidr_block": "0.0.0.0/0",
                            "route.1241443160.egress_only_gateway_id": "",
                            "route.1241443160.gateway_id": "igw-0e3ebcc1d949c393e",
                            "route.1241443160.instance_id": "",
                            "route.1241443160.ipv6_cidr_block": "",
                            "route.1241443160.nat_gateway_id": "",
                            "route.1241443160.network_interface_id": "",
                            "route.1241443160.transit_gateway_id": "",
                            "route.1241443160.vpc_peering_connection_id": "",
                            "tags.%": "1",
                            "tags.Name": "vpc1 Public Subnet RT",
                            "vpc_id": "vpc-0fc46a2528e5031c5"
                        },
                        "meta": {},
                        "tainted": false
                    },
                    "deposed": [],
                    "provider": "provider.aws"
                },
                "aws_route_table.vpc2_private_RT": {
                    "type": "aws_route_table",
                    "depends_on": [
                        "aws_vpc.vpc2",
                        "aws_vpc_peering_connection.Peer"
                    ],
                    "primary": {
                        "id": "rtb-087807a02977d904a",
                        "attributes": {
                            "id": "rtb-087807a02977d904a",
                            "owner_id": "316321917172",
                            "propagating_vgws.#": "0",
                            "route.#": "1",
                            "route.4033647335.cidr_block": "10.100.1.0/24",
                            "route.4033647335.egress_only_gateway_id": "",
                            "route.4033647335.gateway_id": "",
                            "route.4033647335.instance_id": "",
                            "route.4033647335.ipv6_cidr_block": "",
                            "route.4033647335.nat_gateway_id": "",
                            "route.4033647335.network_interface_id": "",
                            "route.4033647335.transit_gateway_id": "",
                            "route.4033647335.vpc_peering_connection_id": "pcx-0a38fffa729d7ba40",
                            "tags.%": "1",
                            "tags.Name": "vpc2 Private Subnet RT",
                            "vpc_id": "vpc-008ea5d8cdd792f22"
                        },
                        "meta": {},
                        "tainted": false
                    },
                    "deposed": [],
                    "provider": "provider.aws"
                },
                "aws_route_table_association.vpc1_private_RTA": {
                    "type": "aws_route_table_association",
                    "depends_on": [
                        "aws_route_table.vpc1_private_RT",
                        "aws_subnet.vpc1_private_subnet"
                    ],
                    "primary": {
                        "id": "rtbassoc-04a20b51143b96a0f",
                        "attributes": {
                            "id": "rtbassoc-04a20b51143b96a0f",
                            "route_table_id": "rtb-04dafa45dd94535b7",
                            "subnet_id": "subnet-0d820e019d0d879f3"
                        },
                        "meta": {},
                        "tainted": false
                    },
                    "deposed": [],
                    "provider": "provider.aws"
                },
                "aws_route_table_association.vpc1_public_RTA": {
                    "type": "aws_route_table_association",
                    "depends_on": [
                        "aws_route_table.vpc1_pub_route",
                        "aws_subnet.vpc1_public"
                    ],
                    "primary": {
                        "id": "rtbassoc-0f90c7c924270025e",
                        "attributes": {
                            "id": "rtbassoc-0f90c7c924270025e",
                            "route_table_id": "rtb-0a1b494118ed64f49",
                            "subnet_id": "subnet-0ce04a21e4d7709cb"
                        },
                        "meta": {},
                        "tainted": false
                    },
                    "deposed": [],
                    "provider": "provider.aws"
                },
                "aws_route_table_association.vpc2_private_RTA": {
                    "type": "aws_route_table_association",
                    "depends_on": [
                        "aws_route_table.vpc2_private_RT",
                        "aws_subnet.vpc2_private_subnet"
                    ],
                    "primary": {
                        "id": "rtbassoc-0e97e8b5057e616f1",
                        "attributes": {
                            "id": "rtbassoc-0e97e8b5057e616f1",
                            "route_table_id": "rtb-087807a02977d904a",
                            "subnet_id": "subnet-0668fd236ce90c79f"
                        },
                        "meta": {},
                        "tainted": false
                    },
                    "deposed": [],
                    "provider": "provider.aws"
                },
                "aws_subnet.vpc1_private_subnet": {
                    "type": "aws_subnet",
                    "depends_on": [
                        "aws_vpc.vpc1"
                    ],
                    "primary": {
                        "id": "subnet-0d820e019d0d879f3",
                        "attributes": {
                            "arn": "arn:aws:ec2:us-east-1:316321917172:subnet/subnet-0d820e019d0d879f3",
                            "assign_ipv6_address_on_creation": "false",
                            "availability_zone": "us-east-1f",
                            "availability_zone_id": "use1-az5",
                            "cidr_block": "10.100.1.0/24",
                            "id": "subnet-0d820e019d0d879f3",
                            "ipv6_cidr_block": "",
                            "ipv6_cidr_block_association_id": "",
                            "map_public_ip_on_launch": "false",
                            "owner_id": "316321917172",
                            "tags.%": "1",
                            "tags.Name": "vpc1 Private Subnet",
                            "vpc_id": "vpc-0fc46a2528e5031c5"
                        },
                        "meta": {
                            "e2bfb730-ecaa-11e6-8f88-34363bc7c4c0": {
                                "create": 600000000000,
                                "delete": 600000000000
                            },
                            "schema_version": "1"
                        },
                        "tainted": false
                    },
                    "deposed": [],
                    "provider": "provider.aws"
                },
                "aws_subnet.vpc1_public": {
                    "type": "aws_subnet",
                    "depends_on": [
                        "aws_vpc.vpc1"
                    ],
                    "primary": {
                        "id": "subnet-0ce04a21e4d7709cb",
                        "attributes": {
                            "arn": "arn:aws:ec2:us-east-1:316321917172:subnet/subnet-0ce04a21e4d7709cb",
                            "assign_ipv6_address_on_creation": "false",
                            "availability_zone": "us-east-1b",
                            "availability_zone_id": "use1-az2",
                            "cidr_block": "10.100.0.0/24",
                            "id": "subnet-0ce04a21e4d7709cb",
                            "ipv6_cidr_block": "",
                            "ipv6_cidr_block_association_id": "",
                            "map_public_ip_on_launch": "true",
                            "owner_id": "316321917172",
                            "tags.%": "1",
                            "tags.Name": "vpc1 Public Subnet",
                            "vpc_id": "vpc-0fc46a2528e5031c5"
                        },
                        "meta": {
                            "e2bfb730-ecaa-11e6-8f88-34363bc7c4c0": {
                                "create": 600000000000,
                                "delete": 600000000000
                            },
                            "schema_version": "1"
                        },
                        "tainted": false
                    },
                    "deposed": [],
                    "provider": "provider.aws"
                },
                "aws_subnet.vpc2_private_subnet": {
                    "type": "aws_subnet",
                    "depends_on": [
                        "aws_vpc.vpc2"
                    ],
                    "primary": {
                        "id": "subnet-0668fd236ce90c79f",
                        "attributes": {
                            "arn": "arn:aws:ec2:us-east-1:316321917172:subnet/subnet-0668fd236ce90c79f",
                            "assign_ipv6_address_on_creation": "false",
                            "availability_zone": "us-east-1f",
                            "availability_zone_id": "use1-az5",
                            "cidr_block": "10.200.1.0/24",
                            "id": "subnet-0668fd236ce90c79f",
                            "ipv6_cidr_block": "",
                            "ipv6_cidr_block_association_id": "",
                            "map_public_ip_on_launch": "false",
                            "owner_id": "316321917172",
                            "tags.%": "1",
                            "tags.Name": "vpc2 Private Subnet",
                            "vpc_id": "vpc-008ea5d8cdd792f22"
                        },
                        "meta": {
                            "e2bfb730-ecaa-11e6-8f88-34363bc7c4c0": {
                                "create": 600000000000,
                                "delete": 600000000000
                            },
                            "schema_version": "1"
                        },
                        "tainted": false
                    },
                    "deposed": [],
                    "provider": "provider.aws"
                },
                "aws_vpc.vpc1": {
                    "type": "aws_vpc",
                    "depends_on": [],
                    "primary": {
                        "id": "vpc-0fc46a2528e5031c5",
                        "attributes": {
                            "arn": "arn:aws:ec2:us-east-1:316321917172:vpc/vpc-0fc46a2528e5031c5",
                            "assign_generated_ipv6_cidr_block": "false",
                            "cidr_block": "10.100.0.0/16",
                            "default_network_acl_id": "acl-017b49951798b414d",
                            "default_route_table_id": "rtb-04ef5c0ceea4118f3",
                            "default_security_group_id": "sg-09ae2b48150b21180",
                            "dhcp_options_id": "dopt-49742b32",
                            "enable_classiclink": "false",
                            "enable_classiclink_dns_support": "false",
                            "enable_dns_hostnames": "true",
                            "enable_dns_support": "true",
                            "id": "vpc-0fc46a2528e5031c5",
                            "instance_tenancy": "default",
                            "ipv6_association_id": "",
                            "ipv6_cidr_block": "",
                            "main_route_table_id": "rtb-04ef5c0ceea4118f3",
                            "owner_id": "316321917172",
                            "tags.%": "1",
                            "tags.Name": "vpc1"
                        },
                        "meta": {
                            "schema_version": "1"
                        },
                        "tainted": false
                    },
                    "deposed": [],
                    "provider": "provider.aws"
                },
                "aws_vpc.vpc2": {
                    "type": "aws_vpc",
                    "depends_on": [],
                    "primary": {
                        "id": "vpc-008ea5d8cdd792f22",
                        "attributes": {
                            "arn": "arn:aws:ec2:us-east-1:316321917172:vpc/vpc-008ea5d8cdd792f22",
                            "assign_generated_ipv6_cidr_block": "false",
                            "cidr_block": "10.200.0.0/16",
                            "default_network_acl_id": "acl-0ddd567ffad22f63c",
                            "default_route_table_id": "rtb-0e617f7bb56f51c48",
                            "default_security_group_id": "sg-0e3e03cb35392c1ff",
                            "dhcp_options_id": "dopt-49742b32",
                            "enable_classiclink": "false",
                            "enable_classiclink_dns_support": "false",
                            "enable_dns_hostnames": "true",
                            "enable_dns_support": "true",
                            "id": "vpc-008ea5d8cdd792f22",
                            "instance_tenancy": "default",
                            "ipv6_association_id": "",
                            "ipv6_cidr_block": "",
                            "main_route_table_id": "rtb-0e617f7bb56f51c48",
                            "owner_id": "316321917172",
                            "tags.%": "1",
                            "tags.Name": "vpc2"
                        },
                        "meta": {
                            "schema_version": "1"
                        },
                        "tainted": false
                    },
                    "deposed": [],
                    "provider": "provider.aws"
                },
                "aws_vpc_peering_connection.Peer": {
                    "type": "aws_vpc_peering_connection",
                    "depends_on": [
                        "aws_vpc.vpc1",
                        "aws_vpc.vpc2"
                    ],
                    "primary": {
                        "id": "pcx-0a38fffa729d7ba40",
                        "attributes": {
                            "accept_status": "pending-acceptance",
                            "accepter.#": "0",
                            "id": "pcx-0a38fffa729d7ba40",
                            "peer_owner_id": "316321917172",
                            "peer_region": "us-east-1",
                            "peer_vpc_id": "vpc-0fc46a2528e5031c5",
                            "requester.#": "1",
                            "requester.3244290774.allow_classic_link_to_remote_vpc": "false",
                            "requester.3244290774.allow_remote_vpc_dns_resolution": "false",
                            "requester.3244290774.allow_vpc_to_remote_classic_link": "false",
                            "tags.%": "1",
                            "tags.Name": "VPC Peering between vpc1 and vpc2",
                            "vpc_id": "vpc-008ea5d8cdd792f22"
                        },
                        "meta": {
                            "e2bfb730-ecaa-11e6-8f88-34363bc7c4c0": {
                                "create": 60000000000,
                                "delete": 60000000000,
                                "update": 60000000000
                            }
                        },
                        "tainted": false
                    },
                    "deposed": [],
                    "provider": "provider.aws"
                }
            },
            "depends_on": []
        }
    ]
}
